
Microsoft Visual Studio Solution File, Format Version 12.00
# Visual Studio 15
VisualStudioVersion = 15.0.28010.2050
MinimumVisualStudioVersion = 10.0.40219.1
Project("{9A19103F-16F7-4668-BE54-9A1E7A4F7556}") = "eMaintAPIClient", "eMaintAPIClient\eMaintAPIClient.csproj", "{3A7B7A4F-AFE6-4D0D-8E5E-CFDA15D1549A}"
EndProject
Project("{FAE04EC0-301F-11D3-BF4B-00C04F79EFBC}") = "eMaintAPIClientTesting", "eMaintAPIClientTesting\eMaintAPIClientTesting.csproj", "{565A90F6-8494-4BF1-9B8A-95FE34570A76}"
EndProject
Global
	GlobalSection(SolutionConfigurationPlatforms) = preSolution
		Debug|Any CPU = Debug|Any CPU
		Release|Any CPU = Release|Any CPU
	EndGlobalSection
	GlobalSection(ProjectConfigurationPlatforms) = postSolution
		{3A7B7A4F-AFE6-4D0D-8E5E-CFDA15D1549A}.Debug|Any CPU.ActiveCfg = Debug|Any CPU
		{3A7B7A4F-AFE6-4D0D-8E5E-CFDA15D1549A}.Debug|Any CPU.Build.0 = Debug|Any CPU
		{3A7B7A4F-AFE6-4D0D-8E5E-CFDA15D1549A}.Release|Any CPU.ActiveCfg = Release|Any CPU
		{3A7B7A4F-AFE6-4D0D-8E5E-CFDA15D1549A}.Release|Any CPU.Build.0 = Release|Any CPU
		{565A90F6-8494-4BF1-9B8A-95FE34570A76}.Debug|Any CPU.ActiveCfg = Debug|Any CPU
		{565A90F6-8494-4BF1-9B8A-95FE34570A76}.Debug|Any CPU.Build.0 = Debug|Any CPU
		{565A90F6-8494-4BF1-9B8A-95FE34570A76}.Release|Any CPU.ActiveCfg = Release|Any CPU
		{565A90F6-8494-4BF1-9B8A-95FE34570A76}.Release|Any CPU.Build.0 = Release|Any CPU
	EndGlobalSection
	GlobalSection(SolutionProperties) = preSolution
		HideSolutionNode = FALSE
	EndGlobalSection
	GlobalSection(ExtensibilityGlobals) = postSolution
		SolutionGuid = {63E16350-920C-4CCB-A46B-4C6CE2EF9E34}
	EndGlobalSection
EndGlobal
